// !$*UTF8*$!
{
	archiveVersion = 1;
	classes = {
	};
	objectVersion = 56;
	objects = {

/* Begin PBXBuildFile section */
		D50AD3732EE5EB730020DECC /* NoteComponent.swift in Sources */ = {isa = PBXBuildFile; fileRef = D50AD3722EE5EB730020DECC /* NoteComponent.swift */; };
		D50AD3752EE5EE980020DECC /* NoteListView.swift in Sources */ = {isa = PBXBuildFile; fileRef = D50AD3742EE5EE980020DECC /* NoteListView.swift */; };
		D50AD3782EE5F3B70020DECC /* WeatherViewModel.swift in Sources */ = {isa = PBXBuildFile; fileRef = D50AD3772EE5F3B70020DECC /* WeatherViewModel.swift */; };
		D50AD37B2EE5FB790020DECC /* NavigationPathEnum.swift in Sources */ = {isa = PBXBuildFile; fileRef = D50AD37A2EE5FB790020DECC /* NavigationPathEnum.swift */; };
		D50AD37D2EE5FC5C0020DECC /* Router.swift in Sources */ = {isa = PBXBuildFile; fileRef = D50AD37C2EE5FC5C0020DECC /* Router.swift */; };
		D50AD37F2EE5FDD40020DECC /* NoteLabelNavigationComponent.swift in Sources */ = {isa = PBXBuildFile; fileRef = D50AD37E2EE5FDD40020DECC /* NoteLabelNavigationComponent.swift */; };
		D50AD3812EE600700020DECC /* TopBarNavigationComponent.swift in Sources */ = {isa = PBXBuildFile; fileRef = D50AD3802EE600700020DECC /* TopBarNavigationComponent.swift */; };
		D50AD3832EE609090020DECC /* ColorEnum.swift in Sources */ = {isa = PBXBuildFile; fileRef = D50AD3822EE609090020DECC /* ColorEnum.swift */; };
		D5D5B5EE2EE5CFF000E0C9EA /* WeatherNotesApp.swift in Sources */ = {isa = PBXBuildFile; fileRef = D5D5B5ED2EE5CFF000E0C9EA /* WeatherNotesApp.swift */; };
		D5D5B5F02EE5CFF000E0C9EA /* ContentView.swift in Sources */ = {isa = PBXBuildFile; fileRef = D5D5B5EF2EE5CFF000E0C9EA /* ContentView.swift */; };
		D5D5B5F22EE5CFF200E0C9EA /* Assets.xcassets in Resources */ = {isa = PBXBuildFile; fileRef = D5D5B5F12EE5CFF200E0C9EA /* Assets.xcassets */; };
		D5D5B5F52EE5CFF200E0C9EA /* Preview Assets.xcassets in Resources */ = {isa = PBXBuildFile; fileRef = D5D5B5F42EE5CFF200E0C9EA /* Preview Assets.xcassets */; };
		D5D5B5FA2EE5CFF200E0C9EA /* WeatherNotes.xcdatamodeld in Sources */ = {isa = PBXBuildFile; fileRef = D5D5B5F82EE5CFF200E0C9EA /* WeatherNotes.xcdatamodeld */; };
		D5D5B6012EE5D4AA00E0C9EA /* NewNoteView.swift in Sources */ = {isa = PBXBuildFile; fileRef = D5D5B6002EE5D4AA00E0C9EA /* NewNoteView.swift */; };
		D5D5B6072EE5D95800E0C9EA /* CoreDataSettings.swift in Sources */ = {isa = PBXBuildFile; fileRef = D5D5B6062EE5D95800E0C9EA /* CoreDataSettings.swift */; };
		D5D5B6092EE5D9EB00E0C9EA /* CoreDataNoteVM.swift in Sources */ = {isa = PBXBuildFile; fileRef = D5D5B6082EE5D9EB00E0C9EA /* CoreDataNoteVM.swift */; };
		D5D5B60B2EE5E45E00E0C9EA /* WeatherInfoComponent.swift in Sources */ = {isa = PBXBuildFile; fileRef = D5D5B60A2EE5E45E00E0C9EA /* WeatherInfoComponent.swift */; };
		D5D5B60F2EE5E62800E0C9EA /* WeatherConditionCodeEnum.swift in Sources */ = {isa = PBXBuildFile; fileRef = D5D5B60E2EE5E62800E0C9EA /* WeatherConditionCodeEnum.swift */; };
/* End PBXBuildFile section */

/* Begin PBXFileReference section */
		D50AD3722EE5EB730020DECC /* NoteComponent.swift */ = {isa = PBXFileReference; lastKnownFileType = sourcecode.swift; path = NoteComponent.swift; sourceTree = "<group>"; };
		D50AD3742EE5EE980020DECC /* NoteListView.swift */ = {isa = PBXFileReference; lastKnownFileType = sourcecode.swift; path = NoteListView.swift; sourceTree = "<group>"; };
		D50AD3762EE5F3670020DECC /* WeatherNotes.entitlements */ = {isa = PBXFileReference; lastKnownFileType = text.plist.entitlements; path = WeatherNotes.entitlements; sourceTree = "<group>"; };
		D50AD3772EE5F3B70020DECC /* WeatherViewModel.swift */ = {isa = PBXFileReference; lastKnownFileType = sourcecode.swift; path = WeatherViewModel.swift; sourceTree = "<group>"; };
		D50AD3792EE5F5840020DECC /* Info.plist */ = {isa = PBXFileReference; lastKnownFileType = text.plist; path = Info.plist; sourceTree = "<group>"; };
		D50AD37A2EE5FB790020DECC /* NavigationPathEnum.swift */ = {isa = PBXFileReference; lastKnownFileType = sourcecode.swift; path = NavigationPathEnum.swift; sourceTree = "<group>"; };
		D50AD37C2EE5FC5C0020DECC /* Router.swift */ = {isa = PBXFileReference; lastKnownFileType = sourcecode.swift; path = Router.swift; sourceTree = "<group>"; };
		D50AD37E2EE5FDD40020DECC /* NoteLabelNavigationComponent.swift */ = {isa = PBXFileReference; lastKnownFileType = sourcecode.swift; path = NoteLabelNavigationComponent.swift; sourceTree = "<group>"; };
		D50AD3802EE600700020DECC /* TopBarNavigationComponent.swift */ = {isa = PBXFileReference; lastKnownFileType = sourcecode.swift; path = TopBarNavigationComponent.swift; sourceTree = "<group>"; };
		D50AD3822EE609090020DECC /* ColorEnum.swift */ = {isa = PBXFileReference; lastKnownFileType = sourcecode.swift; path = ColorEnum.swift; sourceTree = "<group>"; };
		D5D5B5EA2EE5CFF000E0C9EA /* WeatherNotes.app */ = {isa = PBXFileReference; explicitFileType = wrapper.application; includeInIndex = 0; path = WeatherNotes.app; sourceTree = BUILT_PRODUCTS_DIR; };
		D5D5B5ED2EE5CFF000E0C9EA /* WeatherNotesApp.swift */ = {isa = PBXFileReference; lastKnownFileType = sourcecode.swift; path = WeatherNotesApp.swift; sourceTree = "<group>"; };
		D5D5B5EF2EE5CFF000E0C9EA /* ContentView.swift */ = {isa = PBXFileReference; lastKnownFileType = sourcecode.swift; path = ContentView.swift; sourceTree = "<group>"; };
		D5D5B5F12EE5CFF200E0C9EA /* Assets.xcassets */ = {isa = PBXFileReference; lastKnownFileType = folder.assetcatalog; path = Assets.xcassets; sourceTree = "<group>"; };
		D5D5B5F42EE5CFF200E0C9EA /* Preview Assets.xcassets */ = {isa = PBXFileReference; lastKnownFileType = folder.assetcatalog; path = "Preview Assets.xcassets"; sourceTree = "<group>"; };
		D5D5B5F92EE5CFF200E0C9EA /* WeatherNotes.xcdatamodel */ = {isa = PBXFileReference; lastKnownFileType = wrapper.xcdatamodel; path = WeatherNotes.xcdatamodel; sourceTree = "<group>"; };
		D5D5B6002EE5D4AA00E0C9EA /* NewNoteView.swift */ = {isa = PBXFileReference; lastKnownFileType = sourcecode.swift; path = NewNoteView.swift; sourceTree = "<group>"; };
		D5D5B6062EE5D95800E0C9EA /* CoreDataSettings.swift */ = {isa = PBXFileReference; lastKnownFileType = sourcecode.swift; path = CoreDataSettings.swift; sourceTree = "<group>"; };
		D5D5B6082EE5D9EB00E0C9EA /* CoreDataNoteVM.swift */ = {isa = PBXFileReference; lastKnownFileType = sourcecode.swift; path = CoreDataNoteVM.swift; sourceTree = "<group>"; };
		D5D5B60A2EE5E45E00E0C9EA /* WeatherInfoComponent.swift */ = {isa = PBXFileReference; lastKnownFileType = sourcecode.swift; path = WeatherInfoComponent.swift; sourceTree = "<group>"; };
		D5D5B60E2EE5E62800E0C9EA /* WeatherConditionCodeEnum.swift */ = {isa = PBXFileReference; lastKnownFileType = sourcecode.swift; path = WeatherConditionCodeEnum.swift; sourceTree = "<group>"; };
/* End PBXFileReference section */

/* Begin PBXFrameworksBuildPhase section */
		D5D5B5E72EE5CFF000E0C9EA /* Frameworks */ = {
			isa = PBXFrameworksBuildPhase;
			buildActionMask = 2147483647;
			files = (
			);
			runOnlyForDeploymentPostprocessing = 0;
		};
/* End PBXFrameworksBuildPhase section */

/* Begin PBXGroup section */
		D5D5B5E12EE5CFF000E0C9EA = {
			isa = PBXGroup;
			children = (
				D5D5B5EC2EE5CFF000E0C9EA /* WeatherNotes */,
				D5D5B5EB2EE5CFF000E0C9EA /* Products */,
			);
			sourceTree = "<group>";
		};
		D5D5B5EB2EE5CFF000E0C9EA /* Products */ = {
			isa = PBXGroup;
			children = (
				D5D5B5EA2EE5CFF000E0C9EA /* WeatherNotes.app */,
			);
			name = Products;
			sourceTree = "<group>";
		};
		D5D5B5EC2EE5CFF000E0C9EA /* WeatherNotes */ = {
			isa = PBXGroup;
			children = (
				D50AD3792EE5F5840020DECC /* Info.plist */,
				D50AD3762EE5F3670020DECC /* WeatherNotes.entitlements */,
				D5D5B60C2EE5E60E00E0C9EA /* Model */,
				D5D5B6042EE5D94600E0C9EA /* ViewModel */,
				D5D5B6022EE5D57000E0C9EA /* View */,
				D5D5B5ED2EE5CFF000E0C9EA /* WeatherNotesApp.swift */,
				D5D5B5EF2EE5CFF000E0C9EA /* ContentView.swift */,
				D5D5B5F12EE5CFF200E0C9EA /* Assets.xcassets */,
				D5D5B5F82EE5CFF200E0C9EA /* WeatherNotes.xcdatamodeld */,
				D5D5B5F32EE5CFF200E0C9EA /* Preview Content */,
			);
			path = WeatherNotes;
			sourceTree = "<group>";
		};
		D5D5B5F32EE5CFF200E0C9EA /* Preview Content */ = {
			isa = PBXGroup;
			children = (
				D5D5B5F42EE5CFF200E0C9EA /* Preview Assets.xcassets */,
			);
			path = "Preview Content";
			sourceTree = "<group>";
		};
		D5D5B6022EE5D57000E0C9EA /* View */ = {
			isa = PBXGroup;
			children = (
				D5D5B6032EE5D57500E0C9EA /* Component */,
				D50AD3742EE5EE980020DECC /* NoteListView.swift */,
				D5D5B6002EE5D4AA00E0C9EA /* NewNoteView.swift */,
			);
			path = View;
			sourceTree = "<group>";
		};
		D5D5B6032EE5D57500E0C9EA /* Component */ = {
			isa = PBXGroup;
			children = (
				D5D5B60A2EE5E45E00E0C9EA /* WeatherInfoComponent.swift */,
				D50AD3722EE5EB730020DECC /* NoteComponent.swift */,
				D50AD37E2EE5FDD40020DECC /* NoteLabelNavigationComponent.swift */,
				D50AD3802EE600700020DECC /* TopBarNavigationComponent.swift */,
			);
			path = Component;
			sourceTree = "<group>";
		};
		D5D5B6042EE5D94600E0C9EA /* ViewModel */ = {
			isa = PBXGroup;
			children = (
				D5D5B6052EE5D94D00E0C9EA /* CoreData */,
				D50AD3772EE5F3B70020DECC /* WeatherViewModel.swift */,
				D50AD37C2EE5FC5C0020DECC /* Router.swift */,
			);
			path = ViewModel;
			sourceTree = "<group>";
		};
		D5D5B6052EE5D94D00E0C9EA /* CoreData */ = {
			isa = PBXGroup;
			children = (
				D5D5B6062EE5D95800E0C9EA /* CoreDataSettings.swift */,
				D5D5B6082EE5D9EB00E0C9EA /* CoreDataNoteVM.swift */,
			);
			path = CoreData;
			sourceTree = "<group>";
		};
		D5D5B60C2EE5E60E00E0C9EA /* Model */ = {
			isa = PBXGroup;
			children = (
				D5D5B60D2EE5E61400E0C9EA /* EnumModel */,
			);
			path = Model;
			sourceTree = "<group>";
		};
		D5D5B60D2EE5E61400E0C9EA /* EnumModel */ = {
			isa = PBXGroup;
			children = (
				D5D5B60E2EE5E62800E0C9EA /* WeatherConditionCodeEnum.swift */,
				D50AD37A2EE5FB790020DECC /* NavigationPathEnum.swift */,
				D50AD3822EE609090020DECC /* ColorEnum.swift */,
			);
			path = EnumModel;
			sourceTree = "<group>";
		};
/* End PBXGroup section */

/* Begin PBXNativeTarget section */
		D5D5B5E92EE5CFF000E0C9EA /* WeatherNotes */ = {
			isa = PBXNativeTarget;
			buildConfigurationList = D5D5B5FD2EE5CFF200E0C9EA /* Build configuration list for PBXNativeTarget "WeatherNotes" */;
			buildPhases = (
				D5D5B5E62EE5CFF000E0C9EA /* Sources */,
				D5D5B5E72EE5CFF000E0C9EA /* Frameworks */,
				D5D5B5E82EE5CFF000E0C9EA /* Resources */,
			);
			buildRules = (
			);
			dependencies = (
			);
			name = WeatherNotes;
			productName = WeatherNotes;
			productReference = D5D5B5EA2EE5CFF000E0C9EA /* WeatherNotes.app */;
			productType = "com.apple.product-type.application";
		};
/* End PBXNativeTarget section */

/* Begin PBXProject section */
		D5D5B5E22EE5CFF000E0C9EA /* Project object */ = {
			isa = PBXProject;
			attributes = {
				BuildIndependentTargetsInParallel = 1;
				LastSwiftUpdateCheck = 1420;
				LastUpgradeCheck = 1420;
				TargetAttributes = {
					D5D5B5E92EE5CFF000E0C9EA = {
						CreatedOnToolsVersion = 14.2;
					};
				};
			};
			buildConfigurationList = D5D5B5E52EE5CFF000E0C9EA /* Build configuration list for PBXProject "WeatherNotes" */;
			compatibilityVersion = "Xcode 14.0";
			developmentRegion = en;
			hasScannedForEncodings = 0;
			knownRegions = (
				en,
				Base,
			);
			mainGroup = D5D5B5E12EE5CFF000E0C9EA;
			productRefGroup = D5D5B5EB2EE5CFF000E0C9EA /* Products */;
			projectDirPath = "";
			projectRoot = "";
			targets = (
				D5D5B5E92EE5CFF000E0C9EA /* WeatherNotes */,
			);
		};
/* End PBXProject section */

/* Begin PBXResourcesBuildPhase section */
		D5D5B5E82EE5CFF000E0C9EA /* Resources */ = {
			isa = PBXResourcesBuildPhase;
			buildActionMask = 2147483647;
			files = (
				D5D5B5F52EE5CFF200E0C9EA /* Preview Assets.xcassets in Resources */,
				D5D5B5F22EE5CFF200E0C9EA /* Assets.xcassets in Resources */,
			);
			runOnlyForDeploymentPostprocessing = 0;
		};
/* End PBXResourcesBuildPhase section */

/* Begin PBXSourcesBuildPhase section */
		D5D5B5E62EE5CFF000E0C9EA /* Sources */ = {
			isa = PBXSourcesBuildPhase;
			buildActionMask = 2147483647;
			files = (
				D50AD3732EE5EB730020DECC /* NoteComponent.swift in Sources */,
				D50AD3812EE600700020DECC /* TopBarNavigationComponent.swift in Sources */,
				D5D5B60F2EE5E62800E0C9EA /* WeatherConditionCodeEnum.swift in Sources */,
				D50AD3752EE5EE980020DECC /* NoteListView.swift in Sources */,
				D50AD3782EE5F3B70020DECC /* WeatherViewModel.swift in Sources */,
				D5D5B5F02EE5CFF000E0C9EA /* ContentView.swift in Sources */,
				D5D5B5FA2EE5CFF200E0C9EA /* WeatherNotes.xcdatamodeld in Sources */,
				D5D5B5EE2EE5CFF000E0C9EA /* WeatherNotesApp.swift in Sources */,
				D5D5B60B2EE5E45E00E0C9EA /* WeatherInfoComponent.swift in Sources */,
				D5D5B6012EE5D4AA00E0C9EA /* NewNoteView.swift in Sources */,
				D50AD37B2EE5FB790020DECC /* NavigationPathEnum.swift in Sources */,
				D5D5B6072EE5D95800E0C9EA /* CoreDataSettings.swift in Sources */,
				D5D5B6092EE5D9EB00E0C9EA /* CoreDataNoteVM.swift in Sources */,
				D50AD37F2EE5FDD40020DECC /* NoteLabelNavigationComponent.swift in Sources */,
				D50AD3832EE609090020DECC /* ColorEnum.swift in Sources */,
				D50AD37D2EE5FC5C0020DECC /* Router.swift in Sources */,
			);
			runOnlyForDeploymentPostprocessing = 0;
		};
/* End PBXSourcesBuildPhase section */

/* Begin XCBuildConfiguration section */
		D5D5B5FB2EE5CFF200E0C9EA /* Debug */ = {
			isa = XCBuildConfiguration;
			buildSettings = {
				ALWAYS_SEARCH_USER_PATHS = NO;
				CLANG_ANALYZER_NONNULL = YES;
				CLANG_ANALYZER_NUMBER_OBJECT_CONVERSION = YES_AGGRESSIVE;
				CLANG_CXX_LANGUAGE_STANDARD = "gnu++20";
				CLANG_ENABLE_MODULES = YES;
				CLANG_ENABLE_OBJC_ARC = YES;
				CLANG_ENABLE_OBJC_WEAK = YES;
				CLANG_WARN_BLOCK_CAPTURE_AUTORELEASING = YES;
				CLANG_WARN_BOOL_CONVERSION = YES;
				CLANG_WARN_COMMA = YES;
				CLANG_WARN_CONSTANT_CONVERSION = YES;
				CLANG_WARN_DEPRECATED_OBJC_IMPLEMENTATIONS = YES;
				CLANG_WARN_DIRECT_OBJC_ISA_USAGE = YES_ERROR;
				CLANG_WARN_DOCUMENTATION_COMMENTS = YES;
				CLANG_WARN_EMPTY_BODY = YES;
				CLANG_WARN_ENUM_CONVERSION = YES;
				CLANG_WARN_INFINITE_RECURSION = YES;
				CLANG_WARN_INT_CONVERSION = YES;
				CLANG_WARN_NON_LITERAL_NULL_CONVERSION = YES;
				CLANG_WARN_OBJC_IMPLICIT_RETAIN_SELF = YES;
				CLANG_WARN_OBJC_LITERAL_CONVERSION = YES;
				CLANG_WARN_OBJC_ROOT_CLASS = YES_ERROR;
				CLANG_WARN_QUOTED_INCLUDE_IN_FRAMEWORK_HEADER = YES;
				CLANG_WARN_RANGE_LOOP_ANALYSIS = YES;
				CLANG_WARN_STRICT_PROTOTYPES = YES;
				CLANG_WARN_SUSPICIOUS_MOVE = YES;
				CLANG_WARN_UNGUARDED_AVAILABILITY = YES_AGGRESSIVE;
				CLANG_WARN_UNREACHABLE_CODE = YES;
				CLANG_WARN__DUPLICATE_METHOD_MATCH = YES;
				COPY_PHASE_STRIP = NO;
				DEBUG_INFORMATION_FORMAT = dwarf;
				ENABLE_STRICT_OBJC_MSGSEND = YES;
				ENABLE_TESTABILITY = YES;
				GCC_C_LANGUAGE_STANDARD = gnu11;
				GCC_DYNAMIC_NO_PIC = NO;
				GCC_NO_COMMON_BLOCKS = YES;
				GCC_OPTIMIZATION_LEVEL = 0;
				GCC_PREPROCESSOR_DEFINITIONS = (
					"DEBUG=1",
					"$(inherited)",
				);
				GCC_WARN_64_TO_32_BIT_CONVERSION = YES;
				GCC_WARN_ABOUT_RETURN_TYPE = YES_ERROR;
				GCC_WARN_UNDECLARED_SELECTOR = YES;
				GCC_WARN_UNINITIALIZED_AUTOS = YES_AGGRESSIVE;
				GCC_WARN_UNUSED_FUNCTION = YES;
				GCC_WARN_UNUSED_VARIABLE = YES;
				IPHONEOS_DEPLOYMENT_TARGET = 16.2;
				MTL_ENABLE_DEBUG_INFO = INCLUDE_SOURCE;
				MTL_FAST_MATH = YES;
				ONLY_ACTIVE_ARCH = YES;
				SDKROOT = iphoneos;
				SWIFT_ACTIVE_COMPILATION_CONDITIONS = DEBUG;
				SWIFT_OPTIMIZATION_LEVEL = "-Onone";
			};
			name = Debug;
		};
		D5D5B5FC2EE5CFF200E0C9EA /* Release */ = {
			isa = XCBuildConfiguration;
			buildSettings = {
				ALWAYS_SEARCH_USER_PATHS = NO;
				CLANG_ANALYZER_NONNULL = YES;
				CLANG_ANALYZER_NUMBER_OBJECT_CONVERSION = YES_AGGRESSIVE;
				CLANG_CXX_LANGUAGE_STANDARD = "gnu++20";
				CLANG_ENABLE_MODULES = YES;
				CLANG_ENABLE_OBJC_ARC = YES;
				CLANG_ENABLE_OBJC_WEAK = YES;
				CLANG_WARN_BLOCK_CAPTURE_AUTORELEASING = YES;
				CLANG_WARN_BOOL_CONVERSION = YES;
				CLANG_WARN_COMMA = YES;
				CLANG_WARN_CONSTANT_CONVERSION = YES;
				CLANG_WARN_DEPRECATED_OBJC_IMPLEMENTATIONS = YES;
				CLANG_WARN_DIRECT_OBJC_ISA_USAGE = YES_ERROR;
				CLANG_WARN_DOCUMENTATION_COMMENTS = YES;
				CLANG_WARN_EMPTY_BODY = YES;
				CLANG_WARN_ENUM_CONVERSION = YES;
				CLANG_WARN_INFINITE_RECURSION = YES;
				CLANG_WARN_INT_CONVERSION = YES;
				CLANG_WARN_NON_LITERAL_NULL_CONVERSION = YES;
				CLANG_WARN_OBJC_IMPLICIT_RETAIN_SELF = YES;
				CLANG_WARN_OBJC_LITERAL_CONVERSION = YES;
				CLANG_WARN_OBJC_ROOT_CLASS = YES_ERROR;
				CLANG_WARN_QUOTED_INCLUDE_IN_FRAMEWORK_HEADER = YES;
				CLANG_WARN_RANGE_LOOP_ANALYSIS = YES;
				CLANG_WARN_STRICT_PROTOTYPES = YES;
				CLANG_WARN_SUSPICIOUS_MOVE = YES;
				CLANG_WARN_UNGUARDED_AVAILABILITY = YES_AGGRESSIVE;
				CLANG_WARN_UNREACHABLE_CODE = YES;
				CLANG_WARN__DUPLICATE_METHOD_MATCH = YES;
				COPY_PHASE_STRIP = NO;
				DEBUG_INFORMATION_FORMAT = "dwarf-with-dsym";
				ENABLE_NS_ASSERTIONS = NO;
				ENABLE_STRICT_OBJC_MSGSEND = YES;
				GCC_C_LANGUAGE_STANDARD = gnu11;
				GCC_NO_COMMON_BLOCKS = YES;
				GCC_WARN_64_TO_32_BIT_CONVERSION = YES;
				GCC_WARN_ABOUT_RETURN_TYPE = YES_ERROR;
				GCC_WARN_UNDECLARED_SELECTOR = YES;
				GCC_WARN_UNINITIALIZED_AUTOS = YES_AGGRESSIVE;
				GCC_WARN_UNUSED_FUNCTION = YES;
				GCC_WARN_UNUSED_VARIABLE = YES;
				IPHONEOS_DEPLOYMENT_TARGET = 16.2;
				MTL_ENABLE_DEBUG_INFO = NO;
				MTL_FAST_MATH = YES;
				SDKROOT = iphoneos;
				SWIFT_COMPILATION_MODE = wholemodule;
				SWIFT_OPTIMIZATION_LEVEL = "-O";
				VALIDATE_PRODUCT = YES;
			};
			name = Release;
		};
		D5D5B5FE2EE5CFF200E0C9EA /* Debug */ = {
			isa = XCBuildConfiguration;
			buildSettings = {
				ASSETCATALOG_COMPILER_APPICON_NAME = AppIcon;
				ASSETCATALOG_COMPILER_GLOBAL_ACCENT_COLOR_NAME = AccentColor;
				CODE_SIGN_ENTITLEMENTS = WeatherNotes/WeatherNotes.entitlements;
				CODE_SIGN_STYLE = Automatic;
				CURRENT_PROJECT_VERSION = 1;
				DEVELOPMENT_ASSET_PATHS = "\"WeatherNotes/Preview Content\"";
				DEVELOPMENT_TEAM = 665W8JZLV8;
				ENABLE_PREVIEWS = YES;
				GENERATE_INFOPLIST_FILE = YES;
				INFOPLIST_FILE = WeatherNotes/Info.plist;
				INFOPLIST_KEY_UIApplicationSceneManifest_Generation = YES;
				INFOPLIST_KEY_UIApplicationSupportsIndirectInputEvents = YES;
				INFOPLIST_KEY_UILaunchScreen_Generation = YES;
				INFOPLIST_KEY_UISupportedInterfaceOrientations_iPad = "UIInterfaceOrientationPortrait UIInterfaceOrientationPortraitUpsideDown UIInterfaceOrientationLandscapeLeft UIInterfaceOrientationLandscapeRight";
				INFOPLIST_KEY_UISupportedInterfaceOrientations_iPhone = "UIInterfaceOrientationPortrait UIInterfaceOrientationLandscapeLeft UIInterfaceOrientationLandscapeRight";
				IPHONEOS_DEPLOYMENT_TARGET = 16.0;
				LD_RUNPATH_SEARCH_PATHS = (
					"$(inherited)",
					"@executable_path/Frameworks",
				);
				MARKETING_VERSION = 1.0;
				PRODUCT_BUNDLE_IDENTIFIER = "spin-strive.WeatherNotes";
				PRODUCT_NAME = "$(TARGET_NAME)";
				SUPPORTED_PLATFORMS = "iphoneos iphonesimulator";
				SUPPORTS_MACCATALYST = NO;
				SUPPORTS_MAC_DESIGNED_FOR_IPHONE_IPAD = NO;
				SWIFT_EMIT_LOC_STRINGS = YES;
				SWIFT_VERSION = 5.0;
				TARGETED_DEVICE_FAMILY = "1,2";
			};
			name = Debug;
		};
		D5D5B5FF2EE5CFF200E0C9EA /* Release */ = {
			isa = XCBuildConfiguration;
			buildSettings = {
				ASSETCATALOG_COMPILER_APPICON_NAME = AppIcon;
				ASSETCATALOG_COMPILER_GLOBAL_ACCENT_COLOR_NAME = AccentColor;
				CODE_SIGN_ENTITLEMENTS = WeatherNotes/WeatherNotes.entitlements;
				CODE_SIGN_STYLE = Automatic;
				CURRENT_PROJECT_VERSION = 1;
				DEVELOPMENT_ASSET_PATHS = "\"WeatherNotes/Preview Content\"";
				DEVELOPMENT_TEAM = 665W8JZLV8;
				ENABLE_PREVIEWS = YES;
				GENERATE_INFOPLIST_FILE = YES;
				INFOPLIST_FILE = WeatherNotes/Info.plist;
				INFOPLIST_KEY_UIApplicationSceneManifest_Generation = YES;
				INFOPLIST_KEY_UIApplicationSupportsIndirectInputEvents = YES;
				INFOPLIST_KEY_UILaunchScreen_Generation = YES;
				INFOPLIST_KEY_UISupportedInterfaceOrientations_iPad = "UIInterfaceOrientationPortrait UIInterfaceOrientationPortraitUpsideDown UIInterfaceOrientationLandscapeLeft UIInterfaceOrientationLandscapeRight";
				INFOPLIST_KEY_UISupportedInterfaceOrientations_iPhone = "UIInterfaceOrientationPortrait UIInterfaceOrientationLandscapeLeft UIInterfaceOrientationLandscapeRight";
				IPHONEOS_DEPLOYMENT_TARGET = 16.0;
				LD_RUNPATH_SEARCH_PATHS = (
					"$(inherited)",
					"@executable_path/Frameworks",
				);
				MARKETING_VERSION = 1.0;
				PRODUCT_BUNDLE_IDENTIFIER = "spin-strive.WeatherNotes";
				PRODUCT_NAME = "$(TARGET_NAME)";
				SUPPORTED_PLATFORMS = "iphoneos iphonesimulator";
				SUPPORTS_MACCATALYST = NO;
				SUPPORTS_MAC_DESIGNED_FOR_IPHONE_IPAD = NO;
				SWIFT_EMIT_LOC_STRINGS = YES;
				SWIFT_VERSION = 5.0;
				TARGETED_DEVICE_FAMILY = "1,2";
			};
			name = Release;
		};
/* End XCBuildConfiguration section */

/* Begin XCConfigurationList section */
		D5D5B5E52EE5CFF000E0C9EA /* Build configuration list for PBXProject "WeatherNotes" */ = {
			isa = XCConfigurationList;
			buildConfigurations = (
				D5D5B5FB2EE5CFF200E0C9EA /* Debug */,
				D5D5B5FC2EE5CFF200E0C9EA /* Release */,
			);
			defaultConfigurationIsVisible = 0;
			defaultConfigurationName = Release;
		};
		D5D5B5FD2EE5CFF200E0C9EA /* Build configuration list for PBXNativeTarget "WeatherNotes" */ = {
			isa = XCConfigurationList;
			buildConfigurations = (
				D5D5B5FE2EE5CFF200E0C9EA /* Debug */,
				D5D5B5FF2EE5CFF200E0C9EA /* Release */,
			);
			defaultConfigurationIsVisible = 0;
			defaultConfigurationName = Release;
		};
/* End XCConfigurationList section */

/* Begin XCVersionGroup section */
		D5D5B5F82EE5CFF200E0C9EA /* WeatherNotes.xcdatamodeld */ = {
			isa = XCVersionGroup;
			children = (
				D5D5B5F92EE5CFF200E0C9EA /* WeatherNotes.xcdatamodel */,
			);
			currentVersion = D5D5B5F92EE5CFF200E0C9EA /* WeatherNotes.xcdatamodel */;
			path = WeatherNotes.xcdatamodeld;
			sourceTree = "<group>";
			versionGroupType = wrapper.xcdatamodel;
		};
/* End XCVersionGroup section */
	};
	rootObject = D5D5B5E22EE5CFF000E0C9EA /* Project object */;
}
